
Microsoft Visual Studio Solution File, Format Version 12.00
# Visual Studio 15
VisualStudioVersion = 15.0.28307.168
MinimumVisualStudioVersion = 10.0.40219.1
Project("{FAE04EC0-301F-11D3-BF4B-00C04F79EFBC}") = "ATeam", "ATeam\ATeam.csproj", "{8FAC1CD1-F361-401B-AFF0-CBEE6F1BE42B}"
EndProject
Global
	GlobalSection(SolutionConfigurationPlatforms) = preSolution
		Debug|Any CPU = Debug|Any CPU
		Release|Any CPU = Release|Any CPU
	EndGlobalSection
	GlobalSection(ProjectConfigurationPlatforms) = postSolution
		{8FAC1CD1-F361-401B-AFF0-CBEE6F1BE42B}.Debug|Any CPU.ActiveCfg = Debug|Any CPU
		{8FAC1CD1-F361-401B-AFF0-CBEE6F1BE42B}.Debug|Any CPU.Build.0 = Debug|Any CPU
		{8FAC1CD1-F361-401B-AFF0-CBEE6F1BE42B}.Release|Any CPU.ActiveCfg = Release|Any CPU
		{8FAC1CD1-F361-401B-AFF0-CBEE6F1BE42B}.Release|Any CPU.Build.0 = Release|Any CPU
	EndGlobalSection
	GlobalSection(SolutionProperties) = preSolution
		HideSolutionNode = FALSE
	EndGlobalSection
	GlobalSection(ExtensibilityGlobals) = postSolution
		SolutionGuid = {92D025BB-CD88-4A37-B47C-61ED756EE4C0}
	EndGlobalSection
EndGlobal
